<?xml version="1.0" encoding="utf-8"?>
<Project xmlns="http://schemas.microsoft.com/developer/msbuild/2003" ToolsVersion="4.0">
  <ItemGroup>
    <Filter Include="Application">
      <UniqueIdentifier>{8665ef11-ec1f-469f-ad42-17aa68106fea}</UniqueIdentifier>
    </Filter>
    <Filter Include="Application\Background">
      <UniqueIdentifier>{c58b6cd0-bf17-48bd-afc0-0132bed32c94}</UniqueIdentifier>
    </Filter>
    <Filter Include="Application\Background\Skydome">
      <UniqueIdentifier>{c0ac7176-24d9-477f-b8f4-cc16a4a919db}</UniqueIdentifier>
    </Filter>
    <Filter Include="Application\Cameras">
      <UniqueIdentifier>{4c458215-aa60-4f55-922f-c62e2714412e}</UniqueIdentifier>
    </Filter>
    <Filter Include="Application\Cameras\RailCamera">
      <UniqueIdentifier>{d055fa52-7cfd-4bc3-866f-754d1d64a3e0}</UniqueIdentifier>
    </Filter>
    <Filter Include="Application\Characters">
      <UniqueIdentifier>{3dea4b89-9b82-448e-b14d-2c00c3e10fba}</UniqueIdentifier>
    </Filter>
    <Filter Include="Application\Characters\Enemy">
      <UniqueIdentifier>{31ee8a99-08a2-4f9d-bdb6-e6eb8f3eb55a}</UniqueIdentifier>
    </Filter>
    <Filter Include="Application\Characters\Player">
      <UniqueIdentifier>{1914226b-5b1a-4abc-a59d-5a33e3d91c0c}</UniqueIdentifier>
    </Filter>
    <Filter Include="Application\Effects">
      <UniqueIdentifier>{8d32e77b-7733-4777-8834-becefbe3f471}</UniqueIdentifier>
    </Filter>
    <Filter Include="Application\Effects\Damage">
      <UniqueIdentifier>{4a45f3b4-2199-493f-af29-ddc03f4ff675}</UniqueIdentifier>
    </Filter>
    <Filter Include="Application\Effects\Smoke">
      <UniqueIdentifier>{4245850d-43eb-48bf-839b-9d7eac95fe99}</UniqueIdentifier>
    </Filter>
    <Filter Include="Application\Effects\SpeedLine">
      <UniqueIdentifier>{2bad8d55-6313-4aeb-bbf7-a6c386072e39}</UniqueIdentifier>
    </Filter>
    <Filter Include="Application\Objects">
      <UniqueIdentifier>{90fe7ab4-e4f7-41b6-ac5f-946741adaed6}</UniqueIdentifier>
    </Filter>
    <Filter Include="Application\Objects\Asteroid">
      <UniqueIdentifier>{9bc28444-126d-44fa-8661-6c1307e3d7fc}</UniqueIdentifier>
    </Filter>
    <Filter Include="Application\UI">
      <UniqueIdentifier>{7a08a568-9a6f-4856-8d6e-1b9d90ccb7b7}</UniqueIdentifier>
    </Filter>
    <Filter Include="Application\UI\CountDown">
      <UniqueIdentifier>{2fc05d16-ae94-4c0f-a0aa-3c7b6ccca898}</UniqueIdentifier>
    </Filter>
    <Filter Include="Application\UI\HPBar">
      <UniqueIdentifier>{9de22630-3974-4dac-b5df-92ff650cd61f}</UniqueIdentifier>
    </Filter>
    <Filter Include="Application\UI\PauseMenu">
      <UniqueIdentifier>{812a33d7-7bd6-4190-83df-482d4bb5527d}</UniqueIdentifier>
    </Filter>
    <Filter Include="Application\UI\Score">
      <UniqueIdentifier>{0ce82e1d-1451-4ec2-9757-ae8196aa1c57}</UniqueIdentifier>
    </Filter>
    <Filter Include="Application\Utility">
      <UniqueIdentifier>{eab70331-fa8e-4f53-8bcf-f63e79ffdc2b}</UniqueIdentifier>
    </Filter>
    <Filter Include="Application\Utility\MyMath">
      <UniqueIdentifier>{0ca6f6c3-565c-47f3-91b8-fbf1d487dab3}</UniqueIdentifier>
    </Filter>
    <Filter Include="Application\Managers">
      <UniqueIdentifier>{1fe0d41f-64e0-4887-9b77-f6ba36a88b64}</UniqueIdentifier>
    </Filter>
    <Filter Include="Application\Managers\BossManager">
      <UniqueIdentifier>{6fbe6e41-84c3-4f65-b183-706e583f24a0}</UniqueIdentifier>
    </Filter>
    <Filter Include="Application\Managers\BulletManager">
      <UniqueIdentifier>{bd9b6c75-ecc1-4202-b014-51c92d27db12}</UniqueIdentifier>
    </Filter>
    <Filter Include="Application\Managers\CollisionManager">
      <UniqueIdentifier>{5cab915b-87da-4b48-b9c8-e9960fb73b81}</UniqueIdentifier>
    </Filter>
    <Filter Include="Application\Managers\EnemyManager">
      <UniqueIdentifier>{c6795cba-24ff-4e2d-8a0d-d3424d14cf21}</UniqueIdentifier>
    </Filter>
    <Filter Include="Application\Managers\UIManager">
      <UniqueIdentifier>{cf669c1c-304f-47f2-9a65-812b8655c2e6}</UniqueIdentifier>
    </Filter>
    <Filter Include="Resources">
      <UniqueIdentifier>{bbbfb94f-dce7-4184-b045-6562f3b6a4a1}</UniqueIdentifier>
    </Filter>
    <Filter Include="Resources\shaders">
      <UniqueIdentifier>{9458795e-d96a-41a1-a5a1-5f37b920e252}</UniqueIdentifier>
    </Filter>
    <Filter Include="Root">
      <UniqueIdentifier>{2c48a362-3341-4d22-a6c5-b7c3dab3ae93}</UniqueIdentifier>
    </Filter>
    <Filter Include="Scenes">
      <UniqueIdentifier>{09857286-c80e-4610-8475-1a7ef1c56099}</UniqueIdentifier>
    </Filter>
    <Filter Include="Scenes\Clear">
      <UniqueIdentifier>{95848d64-9699-42c4-bb5c-c6879f35ba0b}</UniqueIdentifier>
    </Filter>
    <Filter Include="Scenes\Finish">
      <UniqueIdentifier>{10be5a5e-a5d3-4b1e-bf78-76eae3c074f4}</UniqueIdentifier>
    </Filter>
    <Filter Include="Scenes\InGame">
      <UniqueIdentifier>{0476719a-c87f-46fa-b54c-1696745377b8}</UniqueIdentifier>
    </Filter>
    <Filter Include="Scenes\Introduction">
      <UniqueIdentifier>{057d3d60-be17-48d5-aaa6-6bccce1abaa9}</UniqueIdentifier>
    </Filter>
    <Filter Include="Scenes\Title">
      <UniqueIdentifier>{d27e23d2-a842-4e22-a2fd-16b8990bacf6}</UniqueIdentifier>
    </Filter>
  </ItemGroup>
  <ItemGroup>
    <ClCompile Include="Application\Cameras\RailCamera\CameraShake.cpp">
      <Filter>Application\Cameras\RailCamera</Filter>
    </ClCompile>
    <ClCompile Include="Application\Characters\Enemy\TurretEnemy.cpp">
      <Filter>Application\Characters\Enemy</Filter>
    </ClCompile>
    <ClCompile Include="Application\Characters\Player\Laser.cpp">
      <Filter>Application\Characters\Player</Filter>
    </ClCompile>
    <ClCompile Include="Application\Effects\Smoke\GpuSmokeEmitter.cpp">
      <Filter>Application\Effects\Smoke</Filter>
    </ClCompile>
    <ClCompile Include="Application\Objects\Asteroid\Asteroid.cpp">
      <Filter>Application\Objects\Asteroid</Filter>
    </ClCompile>
    <ClCompile Include="Application\Effects\SpeedLine\SpeedLine.cpp">
      <Filter>Application\Effects\SpeedLine</Filter>
    </ClCompile>
    <ClCompile Include="Application\Objects\Asteroid\AsteroidField.cpp">
      <Filter>Application\Objects\Asteroid</Filter>
    </ClCompile>
    <ClCompile Include="Application\UI\CountDown\CountDown.cpp">
      <Filter>Application\UI\CountDown</Filter>
    </ClCompile>
    <ClCompile Include="Application\Characters\CharacterBase.cpp">
      <Filter>Application\Characters</Filter>
    </ClCompile>
    <ClCompile Include="Application\Characters\Collider.cpp">
      <Filter>Application\Characters</Filter>
    </ClCompile>
    <ClCompile Include="Application\UI\HPBar\Graph.cpp">
      <Filter>Application\UI\HPBar</Filter>
    </ClCompile>
    <ClCompile Include="Application\Characters\Player\Bullet.cpp">
      <Filter>Application\Characters\Player</Filter>
    </ClCompile>
    <ClCompile Include="Application\UI\PauseMenu\PauseMenu.cpp">
      <Filter>Application\UI\PauseMenu</Filter>
    </ClCompile>
    <ClCompile Include="Application\Characters\Player\HomingMissile.cpp">
      <Filter>Application\Characters\Player</Filter>
    </ClCompile>
    <ClCompile Include="Application\Managers\BossManager\BossManager.cpp">
      <Filter>Application\Managers\BossManager</Filter>
    </ClCompile>
    <ClCompile Include="Application\Managers\BossManager\BossUIManager.cpp">
      <Filter>Application\Managers\BossManager</Filter>
    </ClCompile>
    <ClCompile Include="Application\Managers\BulletManager\BulletManager.cpp">
      <Filter>Application\Managers\BulletManager</Filter>
    </ClCompile>
    <ClCompile Include="Scenes\Clear\ClearScene.cpp">
      <Filter>Scenes\Clear</Filter>
    </ClCompile>
    <ClCompile Include="Application\Managers\CollisionManager\CollisionManager.cpp">
      <Filter>Application\Managers\CollisionManager</Filter>
    </ClCompile>
    <ClCompile Include="Application\Managers\EnemyManager\EnemyManager.cpp">
      <Filter>Application\Managers\EnemyManager</Filter>
    </ClCompile>
    <ClCompile Include="Scenes\Finish\FinishScene.cpp">
      <Filter>Scenes\Finish</Filter>
    </ClCompile>
    <ClCompile Include="Scenes\InGame\GameScene.cpp">
      <Filter>Scenes\InGame</Filter>
    </ClCompile>
    <ClCompile Include="Scenes\Introduction\IntroductionScene.cpp">
      <Filter>Scenes\Introduction</Filter>
    </ClCompile>
    <ClCompile Include="main.cpp">
      <Filter>Root</Filter>
    </ClCompile>
    <ClCompile Include="Application\Utility\MyMath\MyMath.cpp">
      <Filter>Application\Utility\MyMath</Filter>
    </ClCompile>
    <ClCompile Include="Application\Characters\Player\Player.cpp">
      <Filter>Application\Characters\Player</Filter>
    </ClCompile>
    <ClCompile Include="Application\Cameras\RailCamera\RailCamera.cpp">
      <Filter>Application\Cameras\RailCamera</Filter>
    </ClCompile>
    <ClCompile Include="Scenes\SceneManager.cpp">
      <Filter>Scenes</Filter>
    </ClCompile>
    <ClCompile Include="Scenes\SceneHelper.cpp">
      <Filter>Scenes</Filter>
    </ClCompile>
    <ClCompile Include="Application\Background\Skydome\Skydome.cpp">
      <Filter>Application\Background\Skydome</Filter>
    </ClCompile>
    <ClCompile Include="Scenes\Title\TitleScene.cpp">
      <Filter>Scenes\Title</Filter>
    </ClCompile>
    <ClCompile Include="Application\Utility\MyMath\WorldTransformEx.cpp">
      <Filter>Application\Utility\MyMath</Filter>
    </ClCompile>
    <ClCompile Include="Application\Characters\Enemy\SeekerEnemy.cpp">
      <Filter>Application\Characters\Enemy</Filter>
    </ClCompile>
    <ClCompile Include="Application\UI\Score\Score.cpp">
      <Filter>Application\UI\Score</Filter>
    </ClCompile>
    <ClCompile Include="Application\Managers\UIManager\UIManager.cpp">
      <Filter>Application\Managers\UIManager</Filter>
    </ClCompile>
  </ItemGroup>
  <ItemGroup>
    <ClInclude Include="Application\Cameras\RailCamera\CameraShake.h">
      <Filter>Application\Cameras\RailCamera</Filter>
    </ClInclude>
    <ClInclude Include="Application\Characters\Enemy\TurretEnemy.h">
      <Filter>Application\Characters\Enemy</Filter>
    </ClInclude>
    <ClInclude Include="Application\Characters\Player\Laser.h">
      <Filter>Application\Characters\Player</Filter>
    </ClInclude>
    <ClInclude Include="Application\Effects\Smoke\GpuSmokeEmitter.h">
      <Filter>Application\Effects\Smoke</Filter>
    </ClInclude>
    <ClInclude Include="Application\Objects\Asteroid\Asteroid.h">
      <Filter>Application\Objects\Asteroid</Filter>
    </ClInclude>
    <ClInclude Include="Application\Effects\SpeedLine\SpeedLine.h">
      <Filter>Application\Effects\SpeedLine</Filter>
    </ClInclude>
    <ClInclude Include="Application\Objects\Asteroid\AsteroidField.h">
      <Filter>Application\Objects\Asteroid</Filter>
    </ClInclude>
    <ClInclude Include="Application\UI\CountDown\CountDown.h">
      <Filter>Application\UI\CountDown</Filter>
    </ClInclude>
    <ClInclude Include="Application\Characters\CharacterBase.h">
      <Filter>Application\Characters</Filter>
    </ClInclude>
    <ClInclude Include="Application\Characters\Collider.h">
      <Filter>Application\Characters</Filter>
    </ClInclude>
    <ClInclude Include="Application\UI\HPBar\Graph.h">
      <Filter>Application\UI\HPBar</Filter>
    </ClInclude>
    <ClInclude Include="Application\Characters\Player\Bullet.h">
      <Filter>Application\Characters\Player</Filter>
    </ClInclude>
    <ClInclude Include="Application\UI\PauseMenu\PauseMenu.h">
      <Filter>Application\UI\PauseMenu</Filter>
    </ClInclude>
    <ClInclude Include="Application\Characters\Player\HomingMissile.h">
      <Filter>Application\Characters\Player</Filter>
    </ClInclude>
    <ClInclude Include="Application\Managers\BossManager\BossManager.h">
      <Filter>Application\Managers\BossManager</Filter>
    </ClInclude>
    <ClInclude Include="Application\Managers\BossManager\BossUIManager.h">
      <Filter>Application\Managers\BossManager</Filter>
    </ClInclude>
    <ClInclude Include="Application\Managers\BulletManager\BulletManager.h">
      <Filter>Application\Managers\BulletManager</Filter>
    </ClInclude>
    <ClInclude Include="Scenes\Clear\ClearScene.h">
      <Filter>Scenes\Clear</Filter>
    </ClInclude>
    <ClInclude Include="Application\Managers\CollisionManager\CollisionManager.h">
      <Filter>Application\Managers\CollisionManager</Filter>
    </ClInclude>
    <ClInclude Include="Application\Managers\EnemyManager\EnemyManager.h">
      <Filter>Application\Managers\EnemyManager</Filter>
    </ClInclude>
    <ClInclude Include="Scenes\Finish\FinishScene.h">
      <Filter>Scenes\Finish</Filter>
    </ClInclude>
    <ClInclude Include="Scenes\InGame\GameScene.h">
      <Filter>Scenes\InGame</Filter>
    </ClInclude>
    <ClInclude Include="Scenes\Introduction\IntroductionScene.h">
      <Filter>Scenes\Introduction</Filter>
    </ClInclude>
    <ClInclude Include="Scenes\IScene.h">
      <Filter>Scenes</Filter>
    </ClInclude>
    <ClInclude Include="Application\Utility\MyMath\MyMath.h">
      <Filter>Application\Utility\MyMath</Filter>
    </ClInclude>
    <ClInclude Include="Application\Utility\GameTime.h">
      <Filter>Application\Utility</Filter>
    </ClInclude>
    <ClInclude Include="Application\Characters\Player\Player.h">
      <Filter>Application\Characters\Player</Filter>
    </ClInclude>
    <ClInclude Include="Application\Cameras\RailCamera\RailCamera.h">
      <Filter>Application\Cameras\RailCamera</Filter>
    </ClInclude>
    <ClInclude Include="Scenes\SceneManager.h">
      <Filter>Scenes</Filter>
    </ClInclude>
    <ClInclude Include="Scenes\SceneHelper.h">
      <Filter>Scenes</Filter>
    </ClInclude>
    <ClInclude Include="Scenes\SceneName.h">
      <Filter>Scenes</Filter>
    </ClInclude>
    <ClInclude Include="Application\Background\Skydome\Skydome.h">
      <Filter>Application\Background\Skydome</Filter>
    </ClInclude>
    <ClInclude Include="Scenes\Title\TitleScene.h">
      <Filter>Scenes\Title</Filter>
    </ClInclude>
    <ClInclude Include="Application\Characters\Enemy\SeekerEnemy.h">
      <Filter>Application\Characters\Enemy</Filter>
    </ClInclude>
    <ClInclude Include="Application\UI\Score\Score.h">
      <Filter>Application\UI\Score</Filter>
    </ClInclude>
    <ClInclude Include="Application\Managers\UIManager\UIManager.h">
      <Filter>Application\Managers\UIManager</Filter>
    </ClInclude>
  </ItemGroup>
  <ItemGroup>
    <FxCompile Include="Resources\shaders\GpuSmokePS.hlsl">
      <Filter>Resources\shaders</Filter>
    </FxCompile>
    <FxCompile Include="Resources\shaders\GpuSmokeVS.hlsl">
      <Filter>Resources\shaders</Filter>
    </FxCompile>
    <FxCompile Include="Resources\shaders\TerrainPS.hlsl">
      <Filter>Resources\shaders</Filter>
    </FxCompile>
    <FxCompile Include="Resources\shaders\TerrainVS.hlsl">
      <Filter>Resources\shaders</Filter>
    </FxCompile>
    <FxCompile Include="Resources\shaders\ObjPS.hlsl">
      <Filter>Resources\shaders</Filter>
    </FxCompile>
    <FxCompile Include="Resources\shaders\ObjVS.hlsl">
      <Filter>Resources\shaders</Filter>
    </FxCompile>
    <FxCompile Include="Resources\shaders\PrimitivePS.hlsl">
      <Filter>Resources\shaders</Filter>
    </FxCompile>
    <FxCompile Include="Resources\shaders\PrimitiveVS.hlsl">
      <Filter>Resources\shaders</Filter>
    </FxCompile>
    <FxCompile Include="Resources\shaders\ShapePS.hlsl">
      <Filter>Resources\shaders</Filter>
    </FxCompile>
    <FxCompile Include="Resources\shaders\ShapeVS.hlsl">
      <Filter>Resources\shaders</Filter>
    </FxCompile>
    <FxCompile Include="Resources\shaders\SpritePS.hlsl">
      <Filter>Resources\shaders</Filter>
    </FxCompile>
    <FxCompile Include="Resources\shaders\SpriteVS.hlsl">
      <Filter>Resources\shaders</Filter>
    </FxCompile>
  </ItemGroup>
  <ItemGroup>
    <None Include="Resources\shaders\Obj.hlsli">
      <Filter>Resources\shaders</Filter>
    </None>
    <None Include="Resources\shaders\Primitive.hlsli">
      <Filter>Resources\shaders</Filter>
    </None>
    <None Include="Resources\shaders\Shape.hlsli">
      <Filter>Resources\shaders</Filter>
    </None>
    <None Include="Resources\shaders\Terrain.hlsli">
      <Filter>Resources\shaders</Filter>
    </None>
    <None Include="Resources\shaders\Sprite.hlsli">
      <Filter>Resources\shaders</Filter>
    </None>
  </ItemGroup>
</Project>
